
Microsoft Visual Studio Solution File, Format Version 12.00
# Visual Studio Version 17
VisualStudioVersion = 17.0.31919.166
MinimumVisualStudioVersion = 10.0.40219.1
Project("{FAE04EC0-301F-11D3-BF4B-00C04F79EFBC}") = "IndianStateCensusAnalyser", "IndianStateCensusAnalyser.csproj", "{104C934D-DE2B-43E2-BF2D-71A7FD84B62F}"
EndProject
Project("{FAE04EC0-301F-11D3-BF4B-00C04F79EFBC}") = "UNITTEST", "..\UNITTEST\UNITTEST.csproj", "{410540AD-6E2D-457C-BEA2-2CEF46759341}"
EndProject
Global
	GlobalSection(SolutionConfigurationPlatforms) = preSolution
		Debug|Any CPU = Debug|Any CPU
		Release|Any CPU = Release|Any CPU
	EndGlobalSection
	GlobalSection(ProjectConfigurationPlatforms) = postSolution
		{104C934D-DE2B-43E2-BF2D-71A7FD84B62F}.Debug|Any CPU.ActiveCfg = Debug|Any CPU
		{104C934D-DE2B-43E2-BF2D-71A7FD84B62F}.Debug|Any CPU.Build.0 = Debug|Any CPU
		{104C934D-DE2B-43E2-BF2D-71A7FD84B62F}.Release|Any CPU.ActiveCfg = Release|Any CPU
		{104C934D-DE2B-43E2-BF2D-71A7FD84B62F}.Release|Any CPU.Build.0 = Release|Any CPU
		{410540AD-6E2D-457C-BEA2-2CEF46759341}.Debug|Any CPU.ActiveCfg = Debug|Any CPU
		{410540AD-6E2D-457C-BEA2-2CEF46759341}.Debug|Any CPU.Build.0 = Debug|Any CPU
		{410540AD-6E2D-457C-BEA2-2CEF46759341}.Release|Any CPU.ActiveCfg = Release|Any CPU
		{410540AD-6E2D-457C-BEA2-2CEF46759341}.Release|Any CPU.Build.0 = Release|Any CPU
	EndGlobalSection
	GlobalSection(SolutionProperties) = preSolution
		HideSolutionNode = FALSE
	EndGlobalSection
	GlobalSection(ExtensibilityGlobals) = postSolution
		SolutionGuid = {DF039E37-0505-46D1-BBD2-A8C374523DE3}
	EndGlobalSection
EndGlobal
